
Microsoft Visual Studio Solution File, Format Version 12.00
# Visual Studio Version 16
VisualStudioVersion = 16.0.31229.75
MinimumVisualStudioVersion = 10.0.40219.1
Project("{FAE04EC0-301F-11D3-BF4B-00C04F79EFBC}") = "FactoryMethod", "FactoryMethod\FactoryMethod.csproj", "{765E71ED-E0CE-466D-95C2-A6B7230C7A47}"
EndProject
Project("{FAE04EC0-301F-11D3-BF4B-00C04F79EFBC}") = "AbstractFactory", "AbstractFactory\AbstractFactory.csproj", "{60A253B3-6860-4CC5-BD89-770A4A08DC13}"
EndProject
Project("{FAE04EC0-301F-11D3-BF4B-00C04F79EFBC}") = "Builder", "Builder\Builder.csproj", "{5ED96FAF-8A98-4F9E-8C38-AAD6E26708B6}"
EndProject
Project("{FAE04EC0-301F-11D3-BF4B-00C04F79EFBC}") = "Adapter", "Adapter\Adapter.csproj", "{BCE30E1F-43F3-4991-9B83-D8872E38BBB5}"
EndProject
Project("{FAE04EC0-301F-11D3-BF4B-00C04F79EFBC}") = "Bridge", "Bridge\Bridge.csproj", "{F629A063-6A68-49D3-9A77-AF1491C47842}"
EndProject
Project("{FAE04EC0-301F-11D3-BF4B-00C04F79EFBC}") = "ChainOfResponsibility", "ChainOfResponsibility\ChainOfResponsibility.csproj", "{B9D45B2E-ED75-4745-BA97-0AB53F64303B}"
EndProject
Global
	GlobalSection(SolutionConfigurationPlatforms) = preSolution
		Debug|Any CPU = Debug|Any CPU
		Release|Any CPU = Release|Any CPU
	EndGlobalSection
	GlobalSection(ProjectConfigurationPlatforms) = postSolution
		{765E71ED-E0CE-466D-95C2-A6B7230C7A47}.Debug|Any CPU.ActiveCfg = Debug|Any CPU
		{765E71ED-E0CE-466D-95C2-A6B7230C7A47}.Debug|Any CPU.Build.0 = Debug|Any CPU
		{765E71ED-E0CE-466D-95C2-A6B7230C7A47}.Release|Any CPU.ActiveCfg = Release|Any CPU
		{765E71ED-E0CE-466D-95C2-A6B7230C7A47}.Release|Any CPU.Build.0 = Release|Any CPU
		{60A253B3-6860-4CC5-BD89-770A4A08DC13}.Debug|Any CPU.ActiveCfg = Debug|Any CPU
		{60A253B3-6860-4CC5-BD89-770A4A08DC13}.Debug|Any CPU.Build.0 = Debug|Any CPU
		{60A253B3-6860-4CC5-BD89-770A4A08DC13}.Release|Any CPU.ActiveCfg = Release|Any CPU
		{60A253B3-6860-4CC5-BD89-770A4A08DC13}.Release|Any CPU.Build.0 = Release|Any CPU
		{5ED96FAF-8A98-4F9E-8C38-AAD6E26708B6}.Debug|Any CPU.ActiveCfg = Debug|Any CPU
		{5ED96FAF-8A98-4F9E-8C38-AAD6E26708B6}.Debug|Any CPU.Build.0 = Debug|Any CPU
		{5ED96FAF-8A98-4F9E-8C38-AAD6E26708B6}.Release|Any CPU.ActiveCfg = Release|Any CPU
		{5ED96FAF-8A98-4F9E-8C38-AAD6E26708B6}.Release|Any CPU.Build.0 = Release|Any CPU
		{BCE30E1F-43F3-4991-9B83-D8872E38BBB5}.Debug|Any CPU.ActiveCfg = Debug|Any CPU
		{BCE30E1F-43F3-4991-9B83-D8872E38BBB5}.Debug|Any CPU.Build.0 = Debug|Any CPU
		{BCE30E1F-43F3-4991-9B83-D8872E38BBB5}.Release|Any CPU.ActiveCfg = Release|Any CPU
		{BCE30E1F-43F3-4991-9B83-D8872E38BBB5}.Release|Any CPU.Build.0 = Release|Any CPU
		{F629A063-6A68-49D3-9A77-AF1491C47842}.Debug|Any CPU.ActiveCfg = Debug|Any CPU
		{F629A063-6A68-49D3-9A77-AF1491C47842}.Debug|Any CPU.Build.0 = Debug|Any CPU
		{F629A063-6A68-49D3-9A77-AF1491C47842}.Release|Any CPU.ActiveCfg = Release|Any CPU
		{F629A063-6A68-49D3-9A77-AF1491C47842}.Release|Any CPU.Build.0 = Release|Any CPU
		{B9D45B2E-ED75-4745-BA97-0AB53F64303B}.Debug|Any CPU.ActiveCfg = Debug|Any CPU
		{B9D45B2E-ED75-4745-BA97-0AB53F64303B}.Debug|Any CPU.Build.0 = Debug|Any CPU
		{B9D45B2E-ED75-4745-BA97-0AB53F64303B}.Release|Any CPU.ActiveCfg = Release|Any CPU
		{B9D45B2E-ED75-4745-BA97-0AB53F64303B}.Release|Any CPU.Build.0 = Release|Any CPU
	EndGlobalSection
	GlobalSection(SolutionProperties) = preSolution
		HideSolutionNode = FALSE
	EndGlobalSection
	GlobalSection(ExtensibilityGlobals) = postSolution
		SolutionGuid = {472BC114-3708-4179-8BD3-C4F8897263A7}
	EndGlobalSection
EndGlobal
